
Microsoft Visual Studio Solution File, Format Version 12.00
# Visual Studio Version 17
VisualStudioVersion = 17.7.34031.279
MinimumVisualStudioVersion = 10.0.40219.1
Project("{FAE04EC0-301F-11D3-BF4B-00C04F79EFBC}") = "2Y_2324_OOP_ClassesPractice", "2Y_2324_OOP_ClassesPractice\2Y_2324_OOP_ClassesPractice.csproj", "{24B55514-262F-4879-B12D-0DE91EFE8D93}"
EndProject
Global
	GlobalSection(SolutionConfigurationPlatforms) = preSolution
		Debug|Any CPU = Debug|Any CPU
		Release|Any CPU = Release|Any CPU
	EndGlobalSection
	GlobalSection(ProjectConfigurationPlatforms) = postSolution
		{24B55514-262F-4879-B12D-0DE91EFE8D93}.Debug|Any CPU.ActiveCfg = Debug|Any CPU
		{24B55514-262F-4879-B12D-0DE91EFE8D93}.Debug|Any CPU.Build.0 = Debug|Any CPU
		{24B55514-262F-4879-B12D-0DE91EFE8D93}.Release|Any CPU.ActiveCfg = Release|Any CPU
		{24B55514-262F-4879-B12D-0DE91EFE8D93}.Release|Any CPU.Build.0 = Release|Any CPU
	EndGlobalSection
	GlobalSection(SolutionProperties) = preSolution
		HideSolutionNode = FALSE
	EndGlobalSection
	GlobalSection(ExtensibilityGlobals) = postSolution
		SolutionGuid = {EE4E28A1-D1B1-4B53-B3AF-DFEA20D7BD2A}
	EndGlobalSection
EndGlobal
